
Microsoft Visual Studio Solution File, Format Version 12.00
# Visual Studio Version 17
VisualStudioVersion = 17.3.32819.101
MinimumVisualStudioVersion = 10.0.40219.1
Project("{FAE04EC0-301F-11D3-BF4B-00C04F79EFBC}") = "GitHubPracticeMakesPerfect", "GitHubPracticeMakesPerfect\GitHubPracticeMakesPerfect.csproj", "{880BA4B8-C10E-4196-A9BC-DC46C1CD4381}"
EndProject
Global
	GlobalSection(SolutionConfigurationPlatforms) = preSolution
		Debug|Any CPU = Debug|Any CPU
		Release|Any CPU = Release|Any CPU
	EndGlobalSection
	GlobalSection(ProjectConfigurationPlatforms) = postSolution
		{880BA4B8-C10E-4196-A9BC-DC46C1CD4381}.Debug|Any CPU.ActiveCfg = Debug|Any CPU
		{880BA4B8-C10E-4196-A9BC-DC46C1CD4381}.Debug|Any CPU.Build.0 = Debug|Any CPU
		{880BA4B8-C10E-4196-A9BC-DC46C1CD4381}.Release|Any CPU.ActiveCfg = Release|Any CPU
		{880BA4B8-C10E-4196-A9BC-DC46C1CD4381}.Release|Any CPU.Build.0 = Release|Any CPU
	EndGlobalSection
	GlobalSection(SolutionProperties) = preSolution
		HideSolutionNode = FALSE
	EndGlobalSection
	GlobalSection(ExtensibilityGlobals) = postSolution
		SolutionGuid = {47D8C53B-81F8-419E-8ABF-3A6DACD720CE}
	EndGlobalSection
EndGlobal
